
Microsoft Visual Studio Solution File, Format Version 12.00
# Visual Studio Version 17
VisualStudioVersion = 17.8.34525.116
MinimumVisualStudioVersion = 10.0.40219.1
Project("{FAE04EC0-301F-11D3-BF4B-00C04F79EFBC}") = "ConsoleTypes", "ConsoleTypes\ConsoleTypes.csproj", "{0F21F7F0-862D-42DA-A080-00892D1B3F8A}"
EndProject
Project("{FAE04EC0-301F-11D3-BF4B-00C04F79EFBC}") = "DataTypes", "DataTypes\DataTypes.csproj", "{552771D5-9734-4F7D-946B-0AF6F8DCE28C}"
EndProject
Project("{FAE04EC0-301F-11D3-BF4B-00C04F79EFBC}") = "ConvertTypeToType", "ConvertTypeToType\ConvertTypeToType.csproj", "{38288A3D-76F8-4795-BE6D-66A3250DBAC2}"
EndProject
Project("{FAE04EC0-301F-11D3-BF4B-00C04F79EFBC}") = "Operatorss", "Operatorss\Operatorss.csproj", "{EF09F60F-7B5D-46D4-BE58-313180FBC14A}"
EndProject
Project("{FAE04EC0-301F-11D3-BF4B-00C04F79EFBC}") = "ifElse", "ifElse\ifElse.csproj", "{86BC27A8-02D9-4F2F-92FF-D17EEF8FAF30}"
EndProject
Global
	GlobalSection(SolutionConfigurationPlatforms) = preSolution
		Debug|Any CPU = Debug|Any CPU
		Release|Any CPU = Release|Any CPU
	EndGlobalSection
	GlobalSection(ProjectConfigurationPlatforms) = postSolution
		{0F21F7F0-862D-42DA-A080-00892D1B3F8A}.Debug|Any CPU.ActiveCfg = Debug|Any CPU
		{0F21F7F0-862D-42DA-A080-00892D1B3F8A}.Debug|Any CPU.Build.0 = Debug|Any CPU
		{0F21F7F0-862D-42DA-A080-00892D1B3F8A}.Release|Any CPU.ActiveCfg = Release|Any CPU
		{0F21F7F0-862D-42DA-A080-00892D1B3F8A}.Release|Any CPU.Build.0 = Release|Any CPU
		{552771D5-9734-4F7D-946B-0AF6F8DCE28C}.Debug|Any CPU.ActiveCfg = Debug|Any CPU
		{552771D5-9734-4F7D-946B-0AF6F8DCE28C}.Debug|Any CPU.Build.0 = Debug|Any CPU
		{552771D5-9734-4F7D-946B-0AF6F8DCE28C}.Release|Any CPU.ActiveCfg = Release|Any CPU
		{552771D5-9734-4F7D-946B-0AF6F8DCE28C}.Release|Any CPU.Build.0 = Release|Any CPU
		{38288A3D-76F8-4795-BE6D-66A3250DBAC2}.Debug|Any CPU.ActiveCfg = Debug|Any CPU
		{38288A3D-76F8-4795-BE6D-66A3250DBAC2}.Debug|Any CPU.Build.0 = Debug|Any CPU
		{38288A3D-76F8-4795-BE6D-66A3250DBAC2}.Release|Any CPU.ActiveCfg = Release|Any CPU
		{38288A3D-76F8-4795-BE6D-66A3250DBAC2}.Release|Any CPU.Build.0 = Release|Any CPU
		{EF09F60F-7B5D-46D4-BE58-313180FBC14A}.Debug|Any CPU.ActiveCfg = Debug|Any CPU
		{EF09F60F-7B5D-46D4-BE58-313180FBC14A}.Debug|Any CPU.Build.0 = Debug|Any CPU
		{EF09F60F-7B5D-46D4-BE58-313180FBC14A}.Release|Any CPU.ActiveCfg = Release|Any CPU
		{EF09F60F-7B5D-46D4-BE58-313180FBC14A}.Release|Any CPU.Build.0 = Release|Any CPU
		{86BC27A8-02D9-4F2F-92FF-D17EEF8FAF30}.Debug|Any CPU.ActiveCfg = Debug|Any CPU
		{86BC27A8-02D9-4F2F-92FF-D17EEF8FAF30}.Debug|Any CPU.Build.0 = Debug|Any CPU
		{86BC27A8-02D9-4F2F-92FF-D17EEF8FAF30}.Release|Any CPU.ActiveCfg = Release|Any CPU
		{86BC27A8-02D9-4F2F-92FF-D17EEF8FAF30}.Release|Any CPU.Build.0 = Release|Any CPU
	EndGlobalSection
	GlobalSection(SolutionProperties) = preSolution
		HideSolutionNode = FALSE
	EndGlobalSection
	GlobalSection(ExtensibilityGlobals) = postSolution
		SolutionGuid = {31327145-7ADB-4FEE-ABEB-7D5CBAF84AD5}
	EndGlobalSection
EndGlobal
